lockfileVersion: 5.4

specifiers:
  ethers: ^5.6.9
  merkletreejs: ^0.2.32

devDependencies:
  ethers: 5.6.9
  merkletreejs: 0.2.32

packages:

  /@ethersproject/abi/5.6.4:
    resolution: {integrity: sha512-TTeZUlCeIHG6527/2goZA6gW5F8Emoc7MrZDC7hhP84aRGvW3TEdTnZR08Ls88YXM1m2SuK42Osw/jSi3uO8gg==}
    dependencies:
      '@ethersproject/address': 5.6.1
      '@ethersproject/bignumber': 5.6.2
      '@ethersproject/bytes': 5.6.1
      '@ethersproject/constants': 5.6.1
      '@ethersproject/hash': 5.6.1
      '@ethersproject/keccak256': 5.6.1
      '@ethersproject/logger': 5.6.0
      '@ethersproject/properties': 5.6.0
      '@ethersproject/strings': 5.6.1
    dev: true

  /@ethersproject/abstract-provider/5.6.1:
    resolution: {integrity: sha512-BxlIgogYJtp1FS8Muvj8YfdClk3unZH0vRMVX791Z9INBNT/kuACZ9GzaY1Y4yFq+YSy6/w4gzj3HCRKrK9hsQ==}
    dependencies:
      '@ethersproject/bignumber': 5.6.2
      '@ethersproject/bytes': 5.6.1
      '@ethersproject/logger': 5.6.0
      '@ethersproject/networks': 5.6.4
      '@ethersproject/properties': 5.6.0
      '@ethersproject/transactions': 5.6.2
      '@ethersproject/web': 5.6.1
    dev: true

  /@ethersproject/abstract-signer/5.6.2:
    resolution: {integrity: sha512-n1r6lttFBG0t2vNiI3HoWaS/KdOt8xyDjzlP2cuevlWLG6EX0OwcKLyG/Kp/cuwNxdy/ous+R/DEMdTUwWQIjQ==}
    dependencies:
      '@ethersproject/abstract-provider': 5.6.1
      '@ethersproject/bignumber': 5.6.2
      '@ethersproject/bytes': 5.6.1
      '@ethersproject/logger': 5.6.0
      '@ethersproject/properties': 5.6.0
    dev: true

  /@ethersproject/address/5.6.1:
    resolution: {integrity: sha512-uOgF0kS5MJv9ZvCz7x6T2EXJSzotiybApn4XlOgoTX0xdtyVIJ7pF+6cGPxiEq/dpBiTfMiw7Yc81JcwhSYA0Q==}
    dependencies:
      '@ethersproject/bignumber': 5.6.2
      '@ethersproject/bytes': 5.6.1
      '@ethersproject/keccak256': 5.6.1
      '@ethersproject/logger': 5.6.0
      '@ethersproject/rlp': 5.6.1
    dev: true

  /@ethersproject/base64/5.6.1:
    resolution: {integrity: sha512-qB76rjop6a0RIYYMiB4Eh/8n+Hxu2NIZm8S/Q7kNo5pmZfXhHGHmS4MinUainiBC54SCyRnwzL+KZjj8zbsSsw==}
    dependencies:
      '@ethersproject/bytes': 5.6.1
    dev: true

  /@ethersproject/basex/5.6.1:
    resolution: {integrity: sha512-a52MkVz4vuBXR06nvflPMotld1FJWSj2QT0985v7P/emPZO00PucFAkbcmq2vpVU7Ts7umKiSI6SppiLykVWsA==}
    dependencies:
      '@ethersproject/bytes': 5.6.1
      '@ethersproject/properties': 5.6.0
    dev: true

  /@ethersproject/bignumber/5.6.2:
    resolution: {integrity: sha512-v7+EEUbhGqT3XJ9LMPsKvXYHFc8eHxTowFCG/HgJErmq4XHJ2WR7aeyICg3uTOAQ7Icn0GFHAohXEhxQHq4Ubw==}
    dependencies:
      '@ethersproject/bytes': 5.6.1
      '@ethersproject/logger': 5.6.0
      bn.js: 5.2.1
    dev: true

  /@ethersproject/bytes/5.6.1:
    resolution: {integrity: sha512-NwQt7cKn5+ZE4uDn+X5RAXLp46E1chXoaMmrxAyA0rblpxz8t58lVkrHXoRIn0lz1joQElQ8410GqhTqMOwc6g==}
    dependencies:
      '@ethersproject/logger': 5.6.0
    dev: true

  /@ethersproject/constants/5.6.1:
    resolution: {integrity: sha512-QSq9WVnZbxXYFftrjSjZDUshp6/eKp6qrtdBtUCm0QxCV5z1fG/w3kdlcsjMCQuQHUnAclKoK7XpXMezhRDOLg==}
    dependencies:
      '@ethersproject/bignumber': 5.6.2
    dev: true

  /@ethersproject/contracts/5.6.2:
    resolution: {integrity: sha512-hguUA57BIKi6WY0kHvZp6PwPlWF87MCeB4B7Z7AbUpTxfFXFdn/3b0GmjZPagIHS+3yhcBJDnuEfU4Xz+Ks/8g==}
    dependencies:
      '@ethersproject/abi': 5.6.4
      '@ethersproject/abstract-provider': 5.6.1
      '@ethersproject/abstract-signer': 5.6.2
      '@ethersproject/address': 5.6.1
      '@ethersproject/bignumber': 5.6.2
      '@ethersproject/bytes': 5.6.1
      '@ethersproject/constants': 5.6.1
      '@ethersproject/logger': 5.6.0
      '@ethersproject/properties': 5.6.0
      '@ethersproject/transactions': 5.6.2
    dev: true

  /@ethersproject/hash/5.6.1:
    resolution: {integrity: sha512-L1xAHurbaxG8VVul4ankNX5HgQ8PNCTrnVXEiFnE9xoRnaUcgfD12tZINtDinSllxPLCtGwguQxJ5E6keE84pA==}
    dependencies:
      '@ethersproject/abstract-signer': 5.6.2
      '@ethersproject/address': 5.6.1
      '@ethersproject/bignumber': 5.6.2
      '@ethersproject/bytes': 5.6.1
      '@ethersproject/keccak256': 5.6.1
      '@ethersproject/logger': 5.6.0
      '@ethersproject/properties': 5.6.0
      '@ethersproject/strings': 5.6.1
    dev: true

  /@ethersproject/hdnode/5.6.2:
    resolution: {integrity: sha512-tERxW8Ccf9CxW2db3WsN01Qao3wFeRsfYY9TCuhmG0xNpl2IO8wgXU3HtWIZ49gUWPggRy4Yg5axU0ACaEKf1Q==}
    dependencies:
      '@ethersproject/abstract-signer': 5.6.2
      '@ethersproject/basex': 5.6.1
      '@ethersproject/bignumber': 5.6.2
      '@ethersproject/bytes': 5.6.1
      '@ethersproject/logger': 5.6.0
      '@ethersproject/pbkdf2': 5.6.1
      '@ethersproject/properties': 5.6.0
      '@ethersproject/sha2': 5.6.1
      '@ethersproject/signing-key': 5.6.2
      '@ethersproject/strings': 5.6.1
      '@ethersproject/transactions': 5.6.2
      '@ethersproject/wordlists': 5.6.1
    dev: true

  /@ethersproject/json-wallets/5.6.1:
    resolution: {integrity: sha512-KfyJ6Zwz3kGeX25nLihPwZYlDqamO6pfGKNnVMWWfEVVp42lTfCZVXXy5Ie8IZTN0HKwAngpIPi7gk4IJzgmqQ==}
    dependencies:
      '@ethersproject/abstract-signer': 5.6.2
      '@ethersproject/address': 5.6.1
      '@ethersproject/bytes': 5.6.1
      '@ethersproject/hdnode': 5.6.2
      '@ethersproject/keccak256': 5.6.1
      '@ethersproject/logger': 5.6.0
      '@ethersproject/pbkdf2': 5.6.1
      '@ethersproject/properties': 5.6.0
      '@ethersproject/random': 5.6.1
      '@ethersproject/strings': 5.6.1
      '@ethersproject/transactions': 5.6.2
      aes-js: 3.0.0
      scrypt-js: 3.0.1
    dev: true

  /@ethersproject/keccak256/5.6.1:
    resolution: {integrity: sha512-bB7DQHCTRDooZZdL3lk9wpL0+XuG3XLGHLh3cePnybsO3V0rdCAOQGpn/0R3aODmnTOOkCATJiD2hnL+5bwthA==}
    dependencies:
      '@ethersproject/bytes': 5.6.1
      js-sha3: 0.8.0
    dev: true

  /@ethersproject/logger/5.6.0:
    resolution: {integrity: sha512-BiBWllUROH9w+P21RzoxJKzqoqpkyM1pRnEKG69bulE9TSQD8SAIvTQqIMZmmCO8pUNkgLP1wndX1gKghSpBmg==}
    dev: true

  /@ethersproject/networks/5.6.4:
    resolution: {integrity: sha512-KShHeHPahHI2UlWdtDMn2lJETcbtaJge4k7XSjDR9h79QTd6yQJmv6Cp2ZA4JdqWnhszAOLSuJEd9C0PRw7hSQ==}
    dependencies:
      '@ethersproject/logger': 5.6.0
    dev: true

  /@ethersproject/pbkdf2/5.6.1:
    resolution: {integrity: sha512-k4gRQ+D93zDRPNUfmduNKq065uadC2YjMP/CqwwX5qG6R05f47boq6pLZtV/RnC4NZAYOPH1Cyo54q0c9sshRQ==}
    dependencies:
      '@ethersproject/bytes': 5.6.1
      '@ethersproject/sha2': 5.6.1
    dev: true

  /@ethersproject/properties/5.6.0:
    resolution: {integrity: sha512-szoOkHskajKePTJSZ46uHUWWkbv7TzP2ypdEK6jGMqJaEt2sb0jCgfBo0gH0m2HBpRixMuJ6TBRaQCF7a9DoCg==}
    dependencies:
      '@ethersproject/logger': 5.6.0
    dev: true

  /@ethersproject/providers/5.6.8:
    resolution: {integrity: sha512-Wf+CseT/iOJjrGtAOf3ck9zS7AgPmr2fZ3N97r4+YXN3mBePTG2/bJ8DApl9mVwYL+RpYbNxMEkEp4mPGdwG/w==}
    dependencies:
      '@ethersproject/abstract-provider': 5.6.1
      '@ethersproject/abstract-signer': 5.6.2
      '@ethersproject/address': 5.6.1
      '@ethersproject/base64': 5.6.1
      '@ethersproject/basex': 5.6.1
      '@ethersproject/bignumber': 5.6.2
      '@ethersproject/bytes': 5.6.1
      '@ethersproject/constants': 5.6.1
      '@ethersproject/hash': 5.6.1
      '@ethersproject/logger': 5.6.0
      '@ethersproject/networks': 5.6.4
      '@ethersproject/properties': 5.6.0
      '@ethersproject/random': 5.6.1
      '@ethersproject/rlp': 5.6.1
      '@ethersproject/sha2': 5.6.1
      '@ethersproject/strings': 5.6.1
      '@ethersproject/transactions': 5.6.2
      '@ethersproject/web': 5.6.1
      bech32: 1.1.4
      ws: 7.4.6
    transitivePeerDependencies:
      - bufferutil
      - utf-8-validate
    dev: true

  /@ethersproject/random/5.6.1:
    resolution: {integrity: sha512-/wtPNHwbmng+5yi3fkipA8YBT59DdkGRoC2vWk09Dci/q5DlgnMkhIycjHlavrvrjJBkFjO/ueLyT+aUDfc4lA==}
    dependencies:
      '@ethersproject/bytes': 5.6.1
      '@ethersproject/logger': 5.6.0
    dev: true

  /@ethersproject/rlp/5.6.1:
    resolution: {integrity: sha512-uYjmcZx+DKlFUk7a5/W9aQVaoEC7+1MOBgNtvNg13+RnuUwT4F0zTovC0tmay5SmRslb29V1B7Y5KCri46WhuQ==}
    dependencies:
      '@ethersproject/bytes': 5.6.1
      '@ethersproject/logger': 5.6.0
    dev: true

  /@ethersproject/sha2/5.6.1:
    resolution: {integrity: sha512-5K2GyqcW7G4Yo3uenHegbXRPDgARpWUiXc6RiF7b6i/HXUoWlb7uCARh7BAHg7/qT/Q5ydofNwiZcim9qpjB6g==}
    dependencies:
      '@ethersproject/bytes': 5.6.1
      '@ethersproject/logger': 5.6.0
      hash.js: 1.1.7
    dev: true

  /@ethersproject/signing-key/5.6.2:
    resolution: {integrity: sha512-jVbu0RuP7EFpw82vHcL+GP35+KaNruVAZM90GxgQnGqB6crhBqW/ozBfFvdeImtmb4qPko0uxXjn8l9jpn0cwQ==}
    dependencies:
      '@ethersproject/bytes': 5.6.1
      '@ethersproject/logger': 5.6.0
      '@ethersproject/properties': 5.6.0
      bn.js: 5.2.1
      elliptic: 6.5.4
      hash.js: 1.1.7
    dev: true

  /@ethersproject/solidity/5.6.1:
    resolution: {integrity: sha512-KWqVLkUUoLBfL1iwdzUVlkNqAUIFMpbbeH0rgCfKmJp0vFtY4AsaN91gHKo9ZZLkC4UOm3cI3BmMV4N53BOq4g==}
    dependencies:
      '@ethersproject/bignumber': 5.6.2
      '@ethersproject/bytes': 5.6.1
      '@ethersproject/keccak256': 5.6.1
      '@ethersproject/logger': 5.6.0
      '@ethersproject/sha2': 5.6.1
      '@ethersproject/strings': 5.6.1
    dev: true

  /@ethersproject/strings/5.6.1:
    resolution: {integrity: sha512-2X1Lgk6Jyfg26MUnsHiT456U9ijxKUybz8IM1Vih+NJxYtXhmvKBcHOmvGqpFSVJ0nQ4ZCoIViR8XlRw1v/+Cw==}
    dependencies:
      '@ethersproject/bytes': 5.6.1
      '@ethersproject/constants': 5.6.1
      '@ethersproject/logger': 5.6.0
    dev: true

  /@ethersproject/transactions/5.6.2:
    resolution: {integrity: sha512-BuV63IRPHmJvthNkkt9G70Ullx6AcM+SDc+a8Aw/8Yew6YwT51TcBKEp1P4oOQ/bP25I18JJr7rcFRgFtU9B2Q==}
    dependencies:
      '@ethersproject/address': 5.6.1
      '@ethersproject/bignumber': 5.6.2
      '@ethersproject/bytes': 5.6.1
      '@ethersproject/constants': 5.6.1
      '@ethersproject/keccak256': 5.6.1
      '@ethersproject/logger': 5.6.0
      '@ethersproject/properties': 5.6.0
      '@ethersproject/rlp': 5.6.1
      '@ethersproject/signing-key': 5.6.2
    dev: true

  /@ethersproject/units/5.6.1:
    resolution: {integrity: sha512-rEfSEvMQ7obcx3KWD5EWWx77gqv54K6BKiZzKxkQJqtpriVsICrktIQmKl8ReNToPeIYPnFHpXvKpi068YFZXw==}
    dependencies:
      '@ethersproject/bignumber': 5.6.2
      '@ethersproject/constants': 5.6.1
      '@ethersproject/logger': 5.6.0
    dev: true

  /@ethersproject/wallet/5.6.2:
    resolution: {integrity: sha512-lrgh0FDQPuOnHcF80Q3gHYsSUODp6aJLAdDmDV0xKCN/T7D99ta1jGVhulg3PY8wiXEngD0DfM0I2XKXlrqJfg==}
    dependencies:
      '@ethersproject/abstract-provider': 5.6.1
      '@ethersproject/abstract-signer': 5.6.2
      '@ethersproject/address': 5.6.1
      '@ethersproject/bignumber': 5.6.2
      '@ethersproject/bytes': 5.6.1
      '@ethersproject/hash': 5.6.1
      '@ethersproject/hdnode': 5.6.2
      '@ethersproject/json-wallets': 5.6.1
      '@ethersproject/keccak256': 5.6.1
      '@ethersproject/logger': 5.6.0
      '@ethersproject/properties': 5.6.0
      '@ethersproject/random': 5.6.1
      '@ethersproject/signing-key': 5.6.2
      '@ethersproject/transactions': 5.6.2
      '@ethersproject/wordlists': 5.6.1
    dev: true

  /@ethersproject/web/5.6.1:
    resolution: {integrity: sha512-/vSyzaQlNXkO1WV+RneYKqCJwualcUdx/Z3gseVovZP0wIlOFcCE1hkRhKBH8ImKbGQbMl9EAAyJFrJu7V0aqA==}
    dependencies:
      '@ethersproject/base64': 5.6.1
      '@ethersproject/bytes': 5.6.1
      '@ethersproject/logger': 5.6.0
      '@ethersproject/properties': 5.6.0
      '@ethersproject/strings': 5.6.1
    dev: true

  /@ethersproject/wordlists/5.6.1:
    resolution: {integrity: sha512-wiPRgBpNbNwCQFoCr8bcWO8o5I810cqO6mkdtKfLKFlLxeCWcnzDi4Alu8iyNzlhYuS9npCwivMbRWF19dyblw==}
    dependencies:
      '@ethersproject/bytes': 5.6.1
      '@ethersproject/hash': 5.6.1
      '@ethersproject/logger': 5.6.0
      '@ethersproject/properties': 5.6.0
      '@ethersproject/strings': 5.6.1
    dev: true

  /@types/bn.js/5.1.0:
    resolution: {integrity: sha512-QSSVYj7pYFN49kW77o2s9xTCwZ8F2xLbjLLSEVh8D2F4JUhZtPAGOFLTD+ffqksBx/u4cE/KImFjyhqCjn/LIA==}
    dependencies:
      '@types/node': 18.0.0
    dev: true

  /@types/node/18.0.0:
    resolution: {integrity: sha512-cHlGmko4gWLVI27cGJntjs/Sj8th9aYwplmZFwmmgYQQvL5NUsgVJG7OddLvNfLqYS31KFN0s3qlaD9qCaxACA==}
    dev: true

  /@types/pbkdf2/3.1.0:
    resolution: {integrity: sha512-Cf63Rv7jCQ0LaL8tNXmEyqTHuIJxRdlS5vMh1mj5voN4+QFhVZnlZruezqpWYDiJ8UTzhP0VmeLXCmBk66YrMQ==}
    dependencies:
      '@types/node': 18.0.0
    dev: true

  /@types/secp256k1/4.0.3:
    resolution: {integrity: sha512-Da66lEIFeIz9ltsdMZcpQvmrmmoqrfju8pm1BH8WbYjZSwUgCwXLb9C+9XYogwBITnbsSaMdVPb2ekf7TV+03w==}
    dependencies:
      '@types/node': 18.0.0
    dev: true

  /aes-js/3.0.0:
    resolution: {integrity: sha512-H7wUZRn8WpTq9jocdxQ2c8x2sKo9ZVmzfRE13GiNJXfp7NcKYEdvl3vspKjXox6RIG2VtaRe4JFvxG4rqp2Zuw==}
    dev: true

  /base-x/3.0.9:
    resolution: {integrity: sha512-H7JU6iBHTal1gp56aKoaa//YUxEaAOUiydvrV/pILqIHXTtqxSkATOnDA2u+jZ/61sD+L/412+7kzXRtWukhpQ==}
    dependencies:
      safe-buffer: 5.2.1
    dev: true

  /bech32/1.1.4:
    resolution: {integrity: sha512-s0IrSOzLlbvX7yp4WBfPITzpAU8sqQcpsmwXDiKwrG4r491vwCO/XpejasRNl0piBMe/DvP4Tz0mIS/X1DPJBQ==}
    dev: true

  /bignumber.js/9.0.2:
    resolution: {integrity: sha512-GAcQvbpsM0pUb0zw1EI0KhQEZ+lRwR5fYaAp3vPOYuP7aDvGy6cVN6XHLauvF8SOga2y0dcLcjt3iQDTSEliyw==}
    dev: true

  /blakejs/1.2.1:
    resolution: {integrity: sha512-QXUSXI3QVc/gJME0dBpXrag1kbzOqCjCX8/b54ntNyW6sjtoqxqRk3LTmXzaJoh71zMsDCjM+47jS7XiwN/+fQ==}
    dev: true

  /bn.js/4.11.6:
    resolution: {integrity: sha512-XWwnNNFCuuSQ0m3r3C4LE3EiORltHd9M05pq6FOlVeiophzRbMo50Sbz1ehl8K3Z+jw9+vmgnXefY1hz8X+2wA==}
    dev: true

  /bn.js/4.12.0:
    resolution: {integrity: sha512-c98Bf3tPniI+scsdk237ku1Dc3ujXQTSgyiPUDEOe7tRkhrqridvh8klBv0HCEso1OLOYcHuCv/cS6DNxKH+ZA==}
    dev: true

  /bn.js/5.2.1:
    resolution: {integrity: sha512-eXRvHzWyYPBuB4NBy0cmYQjGitUrtqwbvlzP3G6VFnNRbsZQIxQ10PbKKHt8gZ/HW/D/747aDl+QkDqg3KQLMQ==}
    dev: true

  /brorand/1.1.0:
    resolution: {integrity: sha512-cKV8tMCEpQs4hK/ik71d6LrPOnpkpGBR0wzxqr68g2m/LB2GxVYQroAjMJZRVM1Y4BCjCKc3vAamxSzOY2RP+w==}
    dev: true

  /browserify-aes/1.2.0:
    resolution: {integrity: sha512-+7CHXqGuspUn/Sl5aO7Ea0xWGAtETPXNSAjHo48JfLdPWcMng33Xe4znFvQweqc/uzk5zSOI3H52CYnjCfb5hA==}
    dependencies:
      buffer-xor: 1.0.3
      cipher-base: 1.0.4
      create-hash: 1.2.0
      evp_bytestokey: 1.0.3
      inherits: 2.0.4
      safe-buffer: 5.2.1
    dev: true

  /bs58/4.0.1:
    resolution: {integrity: sha512-Ok3Wdf5vOIlBrgCvTq96gBkJw+JUEzdBgyaza5HLtPm7yTHkjRy8+JzNyHF7BHa0bNWOQIp3m5YF0nnFcOIKLw==}
    dependencies:
      base-x: 3.0.9
    dev: true

  /bs58check/2.1.2:
    resolution: {integrity: sha512-0TS1jicxdU09dwJMNZtVAfzPi6Q6QeN0pM1Fkzrjn+XYHvzMKPU3pHVpva+769iNVSfIYWf7LJ6WR+BuuMf8cA==}
    dependencies:
      bs58: 4.0.1
      create-hash: 1.2.0
      safe-buffer: 5.2.1
    dev: true

  /buffer-reverse/1.0.1:
    resolution: {integrity: sha512-M87YIUBsZ6N924W57vDwT/aOu8hw7ZgdByz6ijksLjmHJELBASmYTTlNHRgjE+pTsT9oJXGaDSgqqwfdHotDUg==}
    dev: true

  /buffer-xor/1.0.3:
    resolution: {integrity: sha512-571s0T7nZWK6vB67HI5dyUF7wXiNcfaPPPTl6zYCNApANjIvYJTg7hlud/+cJpdAhS7dVzqMLmfhfHR3rAcOjQ==}
    dev: true

  /cipher-base/1.0.4:
    resolution: {integrity: sha512-Kkht5ye6ZGmwv40uUDZztayT2ThLQGfnj/T71N/XzeZeo3nf8foyW7zGTsPYkEya3m5f3cAypH+qe7YOrM1U2Q==}
    dependencies:
      inherits: 2.0.4
      safe-buffer: 5.2.1
    dev: true

  /create-hash/1.2.0:
    resolution: {integrity: sha512-z00bCGNHDG8mHAkP7CtT1qVu+bFQUPjYq/4Iv3C3kWjTFV10zIjfSoeqXo9Asws8gwSHDGj/hl2u4OGIjapeCg==}
    dependencies:
      cipher-base: 1.0.4
      inherits: 2.0.4
      md5.js: 1.3.5
      ripemd160: 2.0.2
      sha.js: 2.4.11
    dev: true

  /create-hmac/1.1.7:
    resolution: {integrity: sha512-MJG9liiZ+ogc4TzUwuvbER1JRdgvUFSB5+VR/g5h82fGaIRWMWddtKBHi7/sVhfjQZ6SehlyhvQYrcYkaUIpLg==}
    dependencies:
      cipher-base: 1.0.4
      create-hash: 1.2.0
      inherits: 2.0.4
      ripemd160: 2.0.2
      safe-buffer: 5.2.1
      sha.js: 2.4.11
    dev: true

  /crypto-js/3.3.0:
    resolution: {integrity: sha512-DIT51nX0dCfKltpRiXV+/TVZq+Qq2NgF4644+K7Ttnla7zEzqc+kjJyiB96BHNyUTBxyjzRcZYpUdZa+QAqi6Q==}
    dev: true

  /elliptic/6.5.4:
    resolution: {integrity: sha512-iLhC6ULemrljPZb+QutR5TQGB+pdW6KGD5RSegS+8sorOZT+rdQFbsQFJgvN3eRqNALqJer4oQ16YvJHlU8hzQ==}
    dependencies:
      bn.js: 4.12.0
      brorand: 1.1.0
      hash.js: 1.1.7
      hmac-drbg: 1.0.1
      inherits: 2.0.4
      minimalistic-assert: 1.0.1
      minimalistic-crypto-utils: 1.0.1
    dev: true

  /ethereum-bloom-filters/1.0.10:
    resolution: {integrity: sha512-rxJ5OFN3RwjQxDcFP2Z5+Q9ho4eIdEmSc2ht0fCu8Se9nbXjZ7/031uXoUYJ87KHCOdVeiUuwSnoS7hmYAGVHA==}
    dependencies:
      js-sha3: 0.8.0
    dev: true

  /ethereum-cryptography/0.1.3:
    resolution: {integrity: sha512-w8/4x1SGGzc+tO97TASLja6SLd3fRIK2tLVcV2Gx4IB21hE19atll5Cq9o3d0ZmAYC/8aw0ipieTSiekAea4SQ==}
    dependencies:
      '@types/pbkdf2': 3.1.0
      '@types/secp256k1': 4.0.3
      blakejs: 1.2.1
      browserify-aes: 1.2.0
      bs58check: 2.1.2
      create-hash: 1.2.0
      create-hmac: 1.1.7
      hash.js: 1.1.7
      keccak: 3.0.2
      pbkdf2: 3.1.2
      randombytes: 2.1.0
      safe-buffer: 5.2.1
      scrypt-js: 3.0.1
      secp256k1: 4.0.3
      setimmediate: 1.0.5
    dev: true

  /ethereumjs-util/7.1.5:
    resolution: {integrity: sha512-SDl5kKrQAudFBUe5OJM9Ac6WmMyYmXX/6sTmLZ3ffG2eY6ZIGBes3pEDxNN6V72WyOw4CPD5RomKdsa8DAAwLg==}
    engines: {node: '>=10.0.0'}
    dependencies:
      '@types/bn.js': 5.1.0
      bn.js: 5.2.1
      create-hash: 1.2.0
      ethereum-cryptography: 0.1.3
      rlp: 2.2.7
    dev: true

  /ethers/5.6.9:
    resolution: {integrity: sha512-lMGC2zv9HC5EC+8r429WaWu3uWJUCgUCt8xxKCFqkrFuBDZXDYIdzDUECxzjf2BMF8IVBByY1EBoGSL3RTm8RA==}
    dependencies:
      '@ethersproject/abi': 5.6.4
      '@ethersproject/abstract-provider': 5.6.1
      '@ethersproject/abstract-signer': 5.6.2
      '@ethersproject/address': 5.6.1
      '@ethersproject/base64': 5.6.1
      '@ethersproject/basex': 5.6.1
      '@ethersproject/bignumber': 5.6.2
      '@ethersproject/bytes': 5.6.1
      '@ethersproject/constants': 5.6.1
      '@ethersproject/contracts': 5.6.2
      '@ethersproject/hash': 5.6.1
      '@ethersproject/hdnode': 5.6.2
      '@ethersproject/json-wallets': 5.6.1
      '@ethersproject/keccak256': 5.6.1
      '@ethersproject/logger': 5.6.0
      '@ethersproject/networks': 5.6.4
      '@ethersproject/pbkdf2': 5.6.1
      '@ethersproject/properties': 5.6.0
      '@ethersproject/providers': 5.6.8
      '@ethersproject/random': 5.6.1
      '@ethersproject/rlp': 5.6.1
      '@ethersproject/sha2': 5.6.1
      '@ethersproject/signing-key': 5.6.2
      '@ethersproject/solidity': 5.6.1
      '@ethersproject/strings': 5.6.1
      '@ethersproject/transactions': 5.6.2
      '@ethersproject/units': 5.6.1
      '@ethersproject/wallet': 5.6.2
      '@ethersproject/web': 5.6.1
      '@ethersproject/wordlists': 5.6.1
    transitivePeerDependencies:
      - bufferutil
      - utf-8-validate
    dev: true

  /ethjs-unit/0.1.6:
    resolution: {integrity: sha512-/Sn9Y0oKl0uqQuvgFk/zQgR7aw1g36qX/jzSQ5lSwlO0GigPymk4eGQfeNTD03w1dPOqfz8V77Cy43jH56pagw==}
    engines: {node: '>=6.5.0', npm: '>=3'}
    dependencies:
      bn.js: 4.11.6
      number-to-bn: 1.7.0
    dev: true

  /evp_bytestokey/1.0.3:
    resolution: {integrity: sha512-/f2Go4TognH/KvCISP7OUsHn85hT9nUkxxA9BEWxFn+Oj9o8ZNLm/40hdlgSLyuOimsrTKLUMEorQexp/aPQeA==}
    dependencies:
      md5.js: 1.3.5
      safe-buffer: 5.2.1
    dev: true

  /hash-base/3.1.0:
    resolution: {integrity: sha512-1nmYp/rhMDiE7AYkDw+lLwlAzz0AntGIe51F3RfFfEqyQ3feY2eI/NcwC6umIQVOASPMsWJLJScWKSSvzL9IVA==}
    engines: {node: '>=4'}
    dependencies:
      inherits: 2.0.4
      readable-stream: 3.6.0
      safe-buffer: 5.2.1
    dev: true

  /hash.js/1.1.7:
    resolution: {integrity: sha512-taOaskGt4z4SOANNseOviYDvjEJinIkRgmp7LbKP2YTTmVxWBl87s/uzK9r+44BclBSp2X7K1hqeNfz9JbBeXA==}
    dependencies:
      inherits: 2.0.4
      minimalistic-assert: 1.0.1
    dev: true

  /hmac-drbg/1.0.1:
    resolution: {integrity: sha512-Tti3gMqLdZfhOQY1Mzf/AanLiqh1WTiJgEj26ZuYQ9fbkLomzGchCws4FyrSd4VkpBfiNhaE1On+lOz894jvXg==}
    dependencies:
      hash.js: 1.1.7
      minimalistic-assert: 1.0.1
      minimalistic-crypto-utils: 1.0.1
    dev: true

  /inherits/2.0.4:
    resolution: {integrity: sha512-k/vGaX4/Yla3WzyMCvTQOXYeIHvqOKtnqBduzTHpzpQZzAskKMhZ2K+EnBiSM9zGSoIFeMpXKxa4dYeZIQqewQ==}
    dev: true

  /is-hex-prefixed/1.0.0:
    resolution: {integrity: sha512-WvtOiug1VFrE9v1Cydwm+FnXd3+w9GaeVUss5W4v/SLy3UW00vP+6iNF2SdnfiBoLy4bTqVdkftNGTUeOFVsbA==}
    engines: {node: '>=6.5.0', npm: '>=3'}
    dev: true

  /js-sha3/0.8.0:
    resolution: {integrity: sha512-gF1cRrHhIzNfToc802P800N8PpXS+evLLXfsVpowqmAFR9uwbi89WvXg2QspOmXL8QL86J4T1EpFu+yUkwJY3Q==}
    dev: true

  /keccak/3.0.2:
    resolution: {integrity: sha512-PyKKjkH53wDMLGrvmRGSNWgmSxZOUqbnXwKL9tmgbFYA1iAYqW21kfR7mZXV0MlESiefxQQE9X9fTa3X+2MPDQ==}
    engines: {node: '>=10.0.0'}
    requiresBuild: true
    dependencies:
      node-addon-api: 2.0.2
      node-gyp-build: 4.4.0
      readable-stream: 3.6.0
    dev: true

  /md5.js/1.3.5:
    resolution: {integrity: sha512-xitP+WxNPcTTOgnTJcrhM0xvdPepipPSf3I8EIpGKeFLjt3PlJLIDG3u8EX53ZIubkb+5U2+3rELYpEhHhzdkg==}
    dependencies:
      hash-base: 3.1.0
      inherits: 2.0.4
      safe-buffer: 5.2.1
    dev: true

  /merkletreejs/0.2.32:
    resolution: {integrity: sha512-TostQBiwYRIwSE5++jGmacu3ODcKAgqb0Y/pnIohXS7sWxh1gCkSptbmF1a43faehRDpcHf7J/kv0Ml2D/zblQ==}
    engines: {node: '>= 7.6.0'}
    dependencies:
      bignumber.js: 9.0.2
      buffer-reverse: 1.0.1
      crypto-js: 3.3.0
      treeify: 1.1.0
      web3-utils: 1.7.3
    dev: true

  /minimalistic-assert/1.0.1:
    resolution: {integrity: sha512-UtJcAD4yEaGtjPezWuO9wC4nwUnVH/8/Im3yEHQP4b67cXlD/Qr9hdITCU1xDbSEXg2XKNaP8jsReV7vQd00/A==}
    dev: true

  /minimalistic-crypto-utils/1.0.1:
    resolution: {integrity: sha512-JIYlbt6g8i5jKfJ3xz7rF0LXmv2TkDxBLUkiBeZ7bAx4GnnNMr8xFpGnOxn6GhTEHx3SjRrZEoU+j04prX1ktg==}
    dev: true

  /node-addon-api/2.0.2:
    resolution: {integrity: sha512-Ntyt4AIXyaLIuMHF6IOoTakB3K+RWxwtsHNRxllEoA6vPwP9o4866g6YWDLUdnucilZhmkxiHwHr11gAENw+QA==}
    dev: true

  /node-gyp-build/4.4.0:
    resolution: {integrity: sha512-amJnQCcgtRVw9SvoebO3BKGESClrfXGCUTX9hSn1OuGQTQBOZmVd0Z0OlecpuRksKvbsUqALE8jls/ErClAPuQ==}
    hasBin: true
    dev: true

  /number-to-bn/1.7.0:
    resolution: {integrity: sha512-wsJ9gfSz1/s4ZsJN01lyonwuxA1tml6X1yBDnfpMglypcBRFZZkus26EdPSlqS5GJfYddVZa22p3VNb3z5m5Ig==}
    engines: {node: '>=6.5.0', npm: '>=3'}
    dependencies:
      bn.js: 4.11.6
      strip-hex-prefix: 1.0.0
    dev: true

  /pbkdf2/3.1.2:
    resolution: {integrity: sha512-iuh7L6jA7JEGu2WxDwtQP1ddOpaJNC4KlDEFfdQajSGgGPNi4OyDc2R7QnbY2bR9QjBVGwgvTdNJZoE7RaxUMA==}
    engines: {node: '>=0.12'}
    dependencies:
      create-hash: 1.2.0
      create-hmac: 1.1.7
      ripemd160: 2.0.2
      safe-buffer: 5.2.1
      sha.js: 2.4.11
    dev: true

  /randombytes/2.1.0:
    resolution: {integrity: sha512-vYl3iOX+4CKUWuxGi9Ukhie6fsqXqS9FE2Zaic4tNFD2N2QQaXOMFbuKK4QmDHC0JO6B1Zp41J0LpT0oR68amQ==}
    dependencies:
      safe-buffer: 5.2.1
    dev: true

  /readable-stream/3.6.0:
    resolution: {integrity: sha512-BViHy7LKeTz4oNnkcLJ+lVSL6vpiFeX6/d3oSH8zCW7UxP2onchk+vTGB143xuFjHS3deTgkKoXXymXqymiIdA==}
    engines: {node: '>= 6'}
    dependencies:
      inherits: 2.0.4
      string_decoder: 1.3.0
      util-deprecate: 1.0.2
    dev: true

  /ripemd160/2.0.2:
    resolution: {integrity: sha512-ii4iagi25WusVoiC4B4lq7pbXfAp3D9v5CwfkY33vffw2+pkDjY1D8GaN7spsxvCSx8dkPqOZCEZyfxcmJG2IA==}
    dependencies:
      hash-base: 3.1.0
      inherits: 2.0.4
    dev: true

  /rlp/2.2.7:
    resolution: {integrity: sha512-d5gdPmgQ0Z+AklL2NVXr/IoSjNZFfTVvQWzL/AM2AOcSzYP2xjlb0AC8YyCLc41MSNf6P6QVtjgPdmVtzb+4lQ==}
    hasBin: true
    dependencies:
      bn.js: 5.2.1
    dev: true

  /safe-buffer/5.2.1:
    resolution: {integrity: sha512-rp3So07KcdmmKbGvgaNxQSJr7bGVSVk5S9Eq1F+ppbRo70+YeaDxkw5Dd8NPN+GD6bjnYm2VuPuCXmpuYvmCXQ==}
    dev: true

  /scrypt-js/3.0.1:
    resolution: {integrity: sha512-cdwTTnqPu0Hyvf5in5asVdZocVDTNRmR7XEcJuIzMjJeSHybHl7vpB66AzwTaIg6CLSbtjcxc8fqcySfnTkccA==}
    dev: true

  /secp256k1/4.0.3:
    resolution: {integrity: sha512-NLZVf+ROMxwtEj3Xa562qgv2BK5e2WNmXPiOdVIPLgs6lyTzMvBq0aWTYMI5XCP9jZMVKOcqZLw/Wc4vDkuxhA==}
    engines: {node: '>=10.0.0'}
    requiresBuild: true
    dependencies:
      elliptic: 6.5.4
      node-addon-api: 2.0.2
      node-gyp-build: 4.4.0
    dev: true

  /setimmediate/1.0.5:
    resolution: {integrity: sha512-MATJdZp8sLqDl/68LfQmbP8zKPLQNV6BIZoIgrscFDQ+RsvK/BxeDQOgyxKKoh0y/8h3BqVFnCqQ/gd+reiIXA==}
    dev: true

  /sha.js/2.4.11:
    resolution: {integrity: sha512-QMEp5B7cftE7APOjk5Y6xgrbWu+WkLVQwk8JNjZ8nKRciZaByEW6MubieAiToS7+dwvrjGhH8jRXz3MVd0AYqQ==}
    hasBin: true
    dependencies:
      inherits: 2.0.4
      safe-buffer: 5.2.1
    dev: true

  /string_decoder/1.3.0:
    resolution: {integrity: sha512-hkRX8U1WjJFd8LsDJ2yQ/wWWxaopEsABU1XfkM8A+j0+85JAGppt16cr1Whg6KIbb4okU6Mql6BOj+uup/wKeA==}
    dependencies:
      safe-buffer: 5.2.1
    dev: true

  /strip-hex-prefix/1.0.0:
    resolution: {integrity: sha512-q8d4ue7JGEiVcypji1bALTos+0pWtyGlivAWyPuTkHzuTCJqrK9sWxYQZUq6Nq3cuyv3bm734IhHvHtGGURU6A==}
    engines: {node: '>=6.5.0', npm: '>=3'}
    dependencies:
      is-hex-prefixed: 1.0.0
    dev: true

  /treeify/1.1.0:
    resolution: {integrity: sha512-1m4RA7xVAJrSGrrXGs0L3YTwyvBs2S8PbRHaLZAkFw7JR8oIFwYtysxlBZhYIa7xSyiYJKZ3iGrrk55cGA3i9A==}
    engines: {node: '>=0.6'}
    dev: true

  /utf8/3.0.0:
    resolution: {integrity: sha512-E8VjFIQ/TyQgp+TZfS6l8yp/xWppSAHzidGiRrqe4bK4XP9pTRyKFgGJpO3SN7zdX4DeomTrwaseCHovfpFcqQ==}
    dev: true

  /util-deprecate/1.0.2:
    resolution: {integrity: sha512-EPD5q1uXyFxJpCrLnCc1nHnq3gOa6DZBocAIiI2TaSCA7VCJ1UJDMagCzIkXNsUYfD1daK//LTEQ8xiIbrHtcw==}
    dev: true

  /web3-utils/1.7.3:
    resolution: {integrity: sha512-g6nQgvb/bUpVUIxJE+ezVN+rYwYmlFyMvMIRSuqpi1dk6ApDD00YNArrk7sPcZnjvxOJ76813Xs2vIN2rgh4lg==}
    engines: {node: '>=8.0.0'}
    dependencies:
      bn.js: 4.12.0
      ethereum-bloom-filters: 1.0.10
      ethereumjs-util: 7.1.5
      ethjs-unit: 0.1.6
      number-to-bn: 1.7.0
      randombytes: 2.1.0
      utf8: 3.0.0
    dev: true

  /ws/7.4.6:
    resolution: {integrity: sha512-YmhHDO4MzaDLB+M9ym/mDA5z0naX8j7SIlT8f8z+I0VtzsRbekxEutHSme7NPS2qE8StCYQNUnfWdXta/Yu85A==}
    engines: {node: '>=8.3.0'}
    peerDependencies:
      bufferutil: ^4.0.1
      utf-8-validate: ^5.0.2
    peerDependenciesMeta:
      bufferutil:
        optional: true
      utf-8-validate:
        optional: true
    dev: true
